
Microsoft Visual Studio Solution File, Format Version 12.00
# Visual Studio Version 17
VisualStudioVersion = 17.7.34031.279
MinimumVisualStudioVersion = 10.0.40219.1
Project("{FAE04EC0-301F-11D3-BF4B-00C04F79EFBC}") = "AMIAR_EX4", "AMIAR_EX4.csproj", "{B210E347-82C6-4EE9-A9FB-573515A06D3C}"
EndProject
Global
	GlobalSection(SolutionConfigurationPlatforms) = preSolution
		Debug|Any CPU = Debug|Any CPU
		Release|Any CPU = Release|Any CPU
	EndGlobalSection
	GlobalSection(ProjectConfigurationPlatforms) = postSolution
		{B210E347-82C6-4EE9-A9FB-573515A06D3C}.Debug|Any CPU.ActiveCfg = Debug|Any CPU
		{B210E347-82C6-4EE9-A9FB-573515A06D3C}.Debug|Any CPU.Build.0 = Debug|Any CPU
		{B210E347-82C6-4EE9-A9FB-573515A06D3C}.Release|Any CPU.ActiveCfg = Release|Any CPU
		{B210E347-82C6-4EE9-A9FB-573515A06D3C}.Release|Any CPU.Build.0 = Release|Any CPU
	EndGlobalSection
	GlobalSection(SolutionProperties) = preSolution
		HideSolutionNode = FALSE
	EndGlobalSection
	GlobalSection(ExtensibilityGlobals) = postSolution
		SolutionGuid = {BA90CCB8-2C13-41C6-A812-701398013D81}
	EndGlobalSection
EndGlobal
